{
  "nodes": {
    "flake-utils": {
      "locked": {
        "lastModified": 1676283394,
        "narHash": "sha256-XX2f9c3iySLCw54rJ/CZs+ZK6IQy7GXNY4nSOyu2QG4=",
        "owner": "numtide",
        "repo": "flake-utils",
        "rev": "3db36a8b464d0c4532ba1c7dda728f4576d6d073",
        "type": "github"
      },
      "original": {
        "owner": "numtide",
        "repo": "flake-utils",
        "type": "github"
      }
    },
    "nixpkgs": {
      "locked": {
        "lastModified": 1676060830,
        "narHash": "sha256-OZJKL08qbLW2xMPNPTgidbC25MrkllUonoFs/JOX4y8=",
        "owner": "NixOS",
        "repo": "nixpkgs",
        "rev": "9943fcc75d4e43c3116b408b0f93e682927ffbb4",
        "type": "github"
      },
      "original": {
        "owner": "NixOS",
        "ref": "nixpkgs-unstable",
        "repo": "nixpkgs",
        "type": "github"
      }
    },
    "root": {
      "inputs": {
        "flake-utils": "flake-utils",
        "nixpkgs": "nixpkgs",
        "ylynur": "ylynur"
      }
    },
    "ylynur": {
      "inputs": {
        "nixpkgs": [
          "nixpkgs"
        ]
      },
      "locked": {
        "lastModified": 1669118635,
        "narHash": "sha256-PrGZiv33v/AgRpoyXLRd6DKCOiO9Z5PuUJfIC7CXf48=",
        "owner": "omi-coide",
        "repo": "my-nur-packages",
        "rev": "aeb9a9caf68ff0969d61320373be88b142ce8f00",
        "type": "github"
      },
      "original": {
        "owner": "omi-coide",
        "repo": "my-nur-packages",
        "type": "github"
      }
    }
  },
  "root": "root",
  "version": 7
}
